
Microsoft Visual Studio Solution File, Format Version 12.00
# Visual Studio Version 16
VisualStudioVersion = 16.0.29613.14
MinimumVisualStudioVersion = 10.0.40219.1
Project("{FAE04EC0-301F-11D3-BF4B-00C04F79EFBC}") = "SerialTest", "SerialTest\SerialTest.csproj", "{DC130803-B9B2-43BF-B62B-1A76FD83BE74}"
EndProject
Project("{2150E333-8FDC-42A3-9474-1A3956D46DE8}") = "Solution Items", "Solution Items", "{3262CC90-A593-4A5A-A5F5-0954DD16BAA3}"
	ProjectSection(SolutionItems) = preProject
		readme.md = readme.md
	EndProjectSection
EndProject
Global
	GlobalSection(SolutionConfigurationPlatforms) = preSolution
		Debug|Any CPU = Debug|Any CPU
		Release|Any CPU = Release|Any CPU
	EndGlobalSection
	GlobalSection(ProjectConfigurationPlatforms) = postSolution
		{DC130803-B9B2-43BF-B62B-1A76FD83BE74}.Debug|Any CPU.ActiveCfg = Debug|Any CPU
		{DC130803-B9B2-43BF-B62B-1A76FD83BE74}.Debug|Any CPU.Build.0 = Debug|Any CPU
		{DC130803-B9B2-43BF-B62B-1A76FD83BE74}.Release|Any CPU.ActiveCfg = Release|Any CPU
		{DC130803-B9B2-43BF-B62B-1A76FD83BE74}.Release|Any CPU.Build.0 = Release|Any CPU
	EndGlobalSection
	GlobalSection(SolutionProperties) = preSolution
		HideSolutionNode = FALSE
	EndGlobalSection
	GlobalSection(ExtensibilityGlobals) = postSolution
		SolutionGuid = {69EC5046-D9C7-45CB-A4A8-4E46F3B10B72}
	EndGlobalSection
EndGlobal
